lockfileVersion: '9.0'

settings:
  autoInstallPeers: true
  excludeLinksFromLockfile: false

importers:

  .:
    dependencies:
      pdf-to-png-converter:
        specifier: ^3.6.5
        version: 3.6.5
      tesseract.js:
        specifier: ^6.0.0
        version: 6.0.0

packages:

  '@napi-rs/canvas-android-arm64@0.1.65':
    resolution: {integrity: sha512-ZYwqFYEKcT5Zr8lbiaJNJj/poLaeK2TncolY914r+gD2TJNeP7ZqvE7A2SX/1C9MB4E3DQEwm3YhL3WEf0x3MQ==}
    engines: {node: '>= 10'}
    cpu: [arm64]
    os: [android]

  '@napi-rs/canvas-darwin-arm64@0.1.65':
    resolution: {integrity: sha512-Pg1pfiJEyDIsX+V0QaJPRWvXbw5zmWAk3bivFCvt/5pwZb37/sT6E/RqPHT9NnqpDyKW6SriwY9ypjljysUA1Q==}
    engines: {node: '>= 10'}
    cpu: [arm64]
    os: [darwin]

  '@napi-rs/canvas-darwin-x64@0.1.65':
    resolution: {integrity: sha512-3Tr+/HjdJN7Z/VKIcsxV2DvDIibZCExgfYTgljCkUSFuoI7iNkOE6Dc1Q6j212EB9PeO8KmfrViBqHYT6IwWkA==}
    engines: {node: '>= 10'}
    cpu: [x64]
    os: [darwin]

  '@napi-rs/canvas-linux-arm-gnueabihf@0.1.65':
    resolution: {integrity: sha512-3KP+dYObH7CVkZMZWwk1WX9jRjL+EKdQtD43H8MOI+illf+dwqLlecdQ4d9bQRIxELKJ8dyPWY4fOp/Ngufrdg==}
    engines: {node: '>= 10'}
    cpu: [arm]
    os: [linux]

  '@napi-rs/canvas-linux-arm64-gnu@0.1.65':
    resolution: {integrity: sha512-Ka3StKz7Dq7kjTF3nNJCq43UN/VlANS7qGE3dWkn1d+tQNsCRy/wRmyt1TUFzIjRqcTFMQNRbgYq84+53UBA0A==}
    engines: {node: '>= 10'}
    cpu: [arm64]
    os: [linux]

  '@napi-rs/canvas-linux-arm64-musl@0.1.65':
    resolution: {integrity: sha512-O4xMASm2JrmqYoiDyxVWi+z5C14H+oVEag2rZ5iIA67dhWqYZB+iO7wCFpBYRj31JPBR29FOsu6X9zL+DwBFdw==}
    engines: {node: '>= 10'}
    cpu: [arm64]
    os: [linux]

  '@napi-rs/canvas-linux-riscv64-gnu@0.1.65':
    resolution: {integrity: sha512-dblWDaA59ZU8bPbkfM+riSke7sFbNZ70LEevUdI5rgiFEUzYUQlU34gSBzemTACj5rCWt1BYeu0GfkLSjNMBSw==}
    engines: {node: '>= 10'}
    cpu: [riscv64]
    os: [linux]

  '@napi-rs/canvas-linux-x64-gnu@0.1.65':
    resolution: {integrity: sha512-wsp+atutw13OJXGU3DDkdngtBDoEg01IuK5xMe0L6VFPV8maGkh17CXze078OD5QJOc6kFyw3DDscMLOPF8+oA==}
    engines: {node: '>= 10'}
    cpu: [x64]
    os: [linux]

  '@napi-rs/canvas-linux-x64-musl@0.1.65':
    resolution: {integrity: sha512-odX+nN+IozWzhdj31INcHz3Iy9+EckNw+VqsZcaUxZOTu7/3FmktRNI6aC1qe5minZNv1m05YOS1FVf7fvmjlA==}
    engines: {node: '>= 10'}
    cpu: [x64]
    os: [linux]

  '@napi-rs/canvas-win32-x64-msvc@0.1.65':
    resolution: {integrity: sha512-RZQX3luWnlNWgdMnLMQ1hyfQraeAn9lnxWWVCHuUM4tAWEV8UDdeb7cMwmJW7eyt8kAosmjeHt3cylQMHOxGFg==}
    engines: {node: '>= 10'}
    cpu: [x64]
    os: [win32]

  '@napi-rs/canvas@0.1.65':
    resolution: {integrity: sha512-YcFhXQcp+b2d38zFOJNbpyPHnIL7KAEkhJQ+UeeKI5IpE9B8Cpf/M6RiHPQXSsSqnYbrfFylnW49dyh2oeSblQ==}
    engines: {node: '>= 10'}

  bmp-js@0.1.0:
    resolution: {integrity: sha512-vHdS19CnY3hwiNdkaqk93DvjVLfbEcI8mys4UjuWrlX1haDmroo8o4xCzh4wD6DGV6HxRCyauwhHRqMTfERtjw==}

  idb-keyval@6.2.1:
    resolution: {integrity: sha512-8Sb3veuYCyrZL+VBt9LJfZjLUPWVvqn8tG28VqYNFCo43KHcKuq+b4EiXGeuaLAQWL2YmyDgMp2aSpH9JHsEQg==}

  is-url@1.2.4:
    resolution: {integrity: sha512-ITvGim8FhRiYe4IQ5uHSkj7pVaPDrCTkNd3yq3cV7iZAcJdHTUMPMEHcqSOy9xZ9qFenQCvi+2wjH9a1nXqHww==}

  node-fetch@2.7.0:
    resolution: {integrity: sha512-c4FRfUm/dbcWZ7U+1Wq0AwCyFL+3nt2bEw05wfxSz+DWpWsitgmSgYmy2dQdWyKC1694ELPqMs/YzUSNozLt8A==}
    engines: {node: 4.x || >=6.0.0}
    peerDependencies:
      encoding: ^0.1.0
    peerDependenciesMeta:
      encoding:
        optional: true

  opencollective-postinstall@2.0.3:
    resolution: {integrity: sha512-8AV/sCtuzUeTo8gQK5qDZzARrulB3egtLzFgteqB2tcT4Mw7B8Kt7JcDHmltjz6FOAHsvTevk70gZEbhM4ZS9Q==}
    hasBin: true

  pdf-to-png-converter@3.6.5:
    resolution: {integrity: sha512-fRsmx3qhCEXEQ+bzKWUe7Jtjbz4H/DeZMCuk+b02zOa9U6pMBnIirNW8hrU1A3SsqRsQ5QGuAjnucmgkYRNyvQ==}
    engines: {node: '>=20'}

  pdfjs-dist@4.10.38:
    resolution: {integrity: sha512-/Y3fcFrXEAsMjJXeL9J8+ZG9U01LbuWaYypvDW2ycW1jL269L3js3DVBjDJ0Up9Np1uqDXsDrRihHANhZOlwdQ==}
    engines: {node: '>=20'}

  regenerator-runtime@0.13.11:
    resolution: {integrity: sha512-kY1AZVr2Ra+t+piVaJ4gxaFaReZVH40AKNo7UCX6W+dEwBo/2oZJzqfuN1qLq1oL45o56cPaTXELwrTh8Fpggg==}

  tesseract.js-core@6.0.0:
    resolution: {integrity: sha512-1Qncm/9oKM7xgrQXZXNB+NRh19qiXGhxlrR8EwFbK5SaUbPZnS5OMtP/ghtqfd23hsr1ZvZbZjeuAGcMxd/ooA==}

  tesseract.js@6.0.0:
    resolution: {integrity: sha512-tqYCod1HwJzkeZw1l6XWx+ly2hhisGcBtak9MArhYwDAxL0NgeVhLJcUjqPxZMQtpgtVUzWcpZPryi+hnaQGVw==}

  tr46@0.0.3:
    resolution: {integrity: sha512-N3WMsuqV66lT30CrXNbEjx4GEwlow3v6rr4mCcv6prnfwhS01rkgyFdjPNBYd9br7LpXV1+Emh01fHnq2Gdgrw==}

  wasm-feature-detect@1.8.0:
    resolution: {integrity: sha512-zksaLKM2fVlnB5jQQDqKXXwYHLQUVH9es+5TOOHwGOVJOCeRBCiPjwSg+3tN2AdTCzjgli4jijCH290kXb/zWQ==}

  webidl-conversions@3.0.1:
    resolution: {integrity: sha512-2JAn3z8AR6rjK8Sm8orRC0h/bcl/DqL7tRPdGZ4I1CjdF+EaMLmYxBHyXuKL849eucPFhvBoxMsflfOb8kxaeQ==}

  whatwg-url@5.0.0:
    resolution: {integrity: sha512-saE57nupxk6v3HY35+jzBwYa0rKSy0XR8JSxZPwgLr7ys0IBzhGviA1/TUGJLmSVqs8pb9AnvICXEuOHLprYTw==}

  zlibjs@0.3.1:
    resolution: {integrity: sha512-+J9RrgTKOmlxFSDHo0pI1xM6BLVUv+o0ZT9ANtCxGkjIVCCUdx9alUF8Gm+dGLKbkkkidWIHFDZHDMpfITt4+w==}

snapshots:

  '@napi-rs/canvas-android-arm64@0.1.65':
    optional: true

  '@napi-rs/canvas-darwin-arm64@0.1.65':
    optional: true

  '@napi-rs/canvas-darwin-x64@0.1.65':
    optional: true

  '@napi-rs/canvas-linux-arm-gnueabihf@0.1.65':
    optional: true

  '@napi-rs/canvas-linux-arm64-gnu@0.1.65':
    optional: true

  '@napi-rs/canvas-linux-arm64-musl@0.1.65':
    optional: true

  '@napi-rs/canvas-linux-riscv64-gnu@0.1.65':
    optional: true

  '@napi-rs/canvas-linux-x64-gnu@0.1.65':
    optional: true

  '@napi-rs/canvas-linux-x64-musl@0.1.65':
    optional: true

  '@napi-rs/canvas-win32-x64-msvc@0.1.65':
    optional: true

  '@napi-rs/canvas@0.1.65':
    optionalDependencies:
      '@napi-rs/canvas-android-arm64': 0.1.65
      '@napi-rs/canvas-darwin-arm64': 0.1.65
      '@napi-rs/canvas-darwin-x64': 0.1.65
      '@napi-rs/canvas-linux-arm-gnueabihf': 0.1.65
      '@napi-rs/canvas-linux-arm64-gnu': 0.1.65
      '@napi-rs/canvas-linux-arm64-musl': 0.1.65
      '@napi-rs/canvas-linux-riscv64-gnu': 0.1.65
      '@napi-rs/canvas-linux-x64-gnu': 0.1.65
      '@napi-rs/canvas-linux-x64-musl': 0.1.65
      '@napi-rs/canvas-win32-x64-msvc': 0.1.65

  bmp-js@0.1.0: {}

  idb-keyval@6.2.1: {}

  is-url@1.2.4: {}

  node-fetch@2.7.0:
    dependencies:
      whatwg-url: 5.0.0

  opencollective-postinstall@2.0.3: {}

  pdf-to-png-converter@3.6.5:
    dependencies:
      '@napi-rs/canvas': 0.1.65
      pdfjs-dist: 4.10.38

  pdfjs-dist@4.10.38:
    optionalDependencies:
      '@napi-rs/canvas': 0.1.65

  regenerator-runtime@0.13.11: {}

  tesseract.js-core@6.0.0: {}

  tesseract.js@6.0.0:
    dependencies:
      bmp-js: 0.1.0
      idb-keyval: 6.2.1
      is-url: 1.2.4
      node-fetch: 2.7.0
      opencollective-postinstall: 2.0.3
      regenerator-runtime: 0.13.11
      tesseract.js-core: 6.0.0
      wasm-feature-detect: 1.8.0
      zlibjs: 0.3.1
    transitivePeerDependencies:
      - encoding

  tr46@0.0.3: {}

  wasm-feature-detect@1.8.0: {}

  webidl-conversions@3.0.1: {}

  whatwg-url@5.0.0:
    dependencies:
      tr46: 0.0.3
      webidl-conversions: 3.0.1

  zlibjs@0.3.1: {}
